// !$*UTF8*$!
{
	archiveVersion = 1;
	classes = {
	};
	objectVersion = 77;
	objects = {

/* Begin PBXBuildFile section */
		F5F914762D10DD3200CE4FE9 /* SwiftfulLoadingIndicators in Frameworks */ = {isa = PBXBuildFile; productRef = F5F914752D10DD3200CE4FE9 /* SwiftfulLoadingIndicators */; };
/* End PBXBuildFile section */

/* Begin PBXContainerItemProxy section */
		F552EE252CEE68E000DE8B39 /* PBXContainerItemProxy */ = {
			isa = PBXContainerItemProxy;
			containerPortal = F552EE0C2CEE68DF00DE8B39 /* Project object */;
			proxyType = 1;
			remoteGlobalIDString = F552EE132CEE68DF00DE8B39;
			remoteInfo = FitnessAI;
		};
		F552EE2F2CEE68E000DE8B39 /* PBXContainerItemProxy */ = {
			isa = PBXContainerItemProxy;
			containerPortal = F552EE0C2CEE68DF00DE8B39 /* Project object */;
			proxyType = 1;
			remoteGlobalIDString = F552EE132CEE68DF00DE8B39;
			remoteInfo = FitnessAI;
		};
/* End PBXContainerItemProxy section */

/* Begin PBXFileReference section */
		F552EE142CEE68DF00DE8B39 /* FitnessAI.app */ = {isa = PBXFileReference; explicitFileType = wrapper.application; includeInIndex = 0; path = FitnessAI.app; sourceTree = BUILT_PRODUCTS_DIR; };
		F552EE242CEE68E000DE8B39 /* FitnessAITests.xctest */ = {isa = PBXFileReference; explicitFileType = wrapper.cfbundle; includeInIndex = 0; path = FitnessAITests.xctest; sourceTree = BUILT_PRODUCTS_DIR; };
		F552EE2E2CEE68E000DE8B39 /* FitnessAIUITests.xctest */ = {isa = PBXFileReference; explicitFileType = wrapper.cfbundle; includeInIndex = 0; path = FitnessAIUITests.xctest; sourceTree = BUILT_PRODUCTS_DIR; };
/* End PBXFileReference section */

/* Begin PBXFileSystemSynchronizedBuildFileExceptionSet section */
		F552EE572CEE69AC00DE8B39 /* Exceptions for "FitnessAI" folder in "FitnessAI" target */ = {
			isa = PBXFileSystemSynchronizedBuildFileExceptionSet;
			membershipExceptions = (
				Info.plist,
			);
			target = F552EE132CEE68DF00DE8B39 /* FitnessAI */;
		};
/* End PBXFileSystemSynchronizedBuildFileExceptionSet section */

/* Begin PBXFileSystemSynchronizedRootGroup section */
		F552EE162CEE68DF00DE8B39 /* FitnessAI */ = {
			isa = PBXFileSystemSynchronizedRootGroup;
			exceptions = (
				F552EE572CEE69AC00DE8B39 /* Exceptions for "FitnessAI" folder in "FitnessAI" target */,
			);
			path = FitnessAI;
			sourceTree = "<group>";
		};
		F552EE272CEE68E000DE8B39 /* FitnessAITests */ = {
			isa = PBXFileSystemSynchronizedRootGroup;
			path = FitnessAITests;
			sourceTree = "<group>";
		};
		F552EE312CEE68E000DE8B39 /* FitnessAIUITests */ = {
			isa = PBXFileSystemSynchronizedRootGroup;
			path = FitnessAIUITests;
			sourceTree = "<group>";
		};
/* End PBXFileSystemSynchronizedRootGroup section */

/* Begin PBXFrameworksBuildPhase section */
		F552EE112CEE68DF00DE8B39 /* Frameworks */ = {
			isa = PBXFrameworksBuildPhase;
			buildActionMask = 2147483647;
			files = (
				F5F914762D10DD3200CE4FE9 /* SwiftfulLoadingIndicators in Frameworks */,
			);
			runOnlyForDeploymentPostprocessing = 0;
		};
		F552EE212CEE68E000DE8B39 /* Frameworks */ = {
			isa = PBXFrameworksBuildPhase;
			buildActionMask = 2147483647;
			files = (
			);
			runOnlyForDeploymentPostprocessing = 0;
		};
		F552EE2B2CEE68E000DE8B39 /* Frameworks */ = {
			isa = PBXFrameworksBuildPhase;
			buildActionMask = 2147483647;
			files = (
			);
			runOnlyForDeploymentPostprocessing = 0;
		};
/* End PBXFrameworksBuildPhase section */

/* Begin PBXGroup section */
		F552EE0B2CEE68DF00DE8B39 = {
			isa = PBXGroup;
			children = (
				F552EE162CEE68DF00DE8B39 /* FitnessAI */,
				F552EE272CEE68E000DE8B39 /* FitnessAITests */,
				F552EE312CEE68E000DE8B39 /* FitnessAIUITests */,
				F5A3A4AF2D0DDC7A00A19EA6 /* Frameworks */,
				F552EE152CEE68DF00DE8B39 /* Products */,
			);
			sourceTree = "<group>";
		};
		F552EE152CEE68DF00DE8B39 /* Products */ = {
			isa = PBXGroup;
			children = (
				F552EE142CEE68DF00DE8B39 /* FitnessAI.app */,
				F552EE242CEE68E000DE8B39 /* FitnessAITests.xctest */,
				F552EE2E2CEE68E000DE8B39 /* FitnessAIUITests.xctest */,
			);
			name = Products;
			sourceTree = "<group>";
		};
		F5A3A4AF2D0DDC7A00A19EA6 /* Frameworks */ = {
			isa = PBXGroup;
			children = (
			);
			name = Frameworks;
			sourceTree = "<group>";
		};
/* End PBXGroup section */

/* Begin PBXNativeTarget section */
		F552EE132CEE68DF00DE8B39 /* FitnessAI */ = {
			isa = PBXNativeTarget;
			buildConfigurationList = F552EE382CEE68E000DE8B39 /* Build configuration list for PBXNativeTarget "FitnessAI" */;
			buildPhases = (
				F552EE102CEE68DF00DE8B39 /* Sources */,
				F552EE112CEE68DF00DE8B39 /* Frameworks */,
				F552EE122CEE68DF00DE8B39 /* Resources */,
			);
			buildRules = (
			);
			dependencies = (
			);
			fileSystemSynchronizedGroups = (
				F552EE162CEE68DF00DE8B39 /* FitnessAI */,
			);
			name = FitnessAI;
			packageProductDependencies = (
				F5F914752D10DD3200CE4FE9 /* SwiftfulLoadingIndicators */,
			);
			productName = FitnessAI;
			productReference = F552EE142CEE68DF00DE8B39 /* FitnessAI.app */;
			productType = "com.apple.product-type.application";
		};
		F552EE232CEE68E000DE8B39 /* FitnessAITests */ = {
			isa = PBXNativeTarget;
			buildConfigurationList = F552EE3B2CEE68E000DE8B39 /* Build configuration list for PBXNativeTarget "FitnessAITests" */;
			buildPhases = (
				F552EE202CEE68E000DE8B39 /* Sources */,
				F552EE212CEE68E000DE8B39 /* Frameworks */,
				F552EE222CEE68E000DE8B39 /* Resources */,
			);
			buildRules = (
			);
			dependencies = (
				F552EE262CEE68E000DE8B39 /* PBXTargetDependency */,
			);
			fileSystemSynchronizedGroups = (
				F552EE272CEE68E000DE8B39 /* FitnessAITests */,
			);
			name = FitnessAITests;
			packageProductDependencies = (
			);
			productName = FitnessAITests;
			productReference = F552EE242CEE68E000DE8B39 /* FitnessAITests.xctest */;
			productType = "com.apple.product-type.bundle.unit-test";
		};
		F552EE2D2CEE68E000DE8B39 /* FitnessAIUITests */ = {
			isa = PBXNativeTarget;
			buildConfigurationList = F552EE3E2CEE68E000DE8B39 /* Build configuration list for PBXNativeTarget "FitnessAIUITests" */;
			buildPhases = (
				F552EE2A2CEE68E000DE8B39 /* Sources */,
				F552EE2B2CEE68E000DE8B39 /* Frameworks */,
				F552EE2C2CEE68E000DE8B39 /* Resources */,
			);
			buildRules = (
			);
			dependencies = (
				F552EE302CEE68E000DE8B39 /* PBXTargetDependency */,
			);
			fileSystemSynchronizedGroups = (
				F552EE312CEE68E000DE8B39 /* FitnessAIUITests */,
			);
			name = FitnessAIUITests;
			packageProductDependencies = (
			);
			productName = FitnessAIUITests;
			productReference = F552EE2E2CEE68E000DE8B39 /* FitnessAIUITests.xctest */;
			productType = "com.apple.product-type.bundle.ui-testing";
		};
/* End PBXNativeTarget section */

/* Begin PBXProject section */
		F552EE0C2CEE68DF00DE8B39 /* Project object */ = {
			isa = PBXProject;
			attributes = {
				BuildIndependentTargetsInParallel = 1;
				LastSwiftUpdateCheck = 1600;
				LastUpgradeCheck = 1600;
				TargetAttributes = {
					F552EE132CEE68DF00DE8B39 = {
						CreatedOnToolsVersion = 16.0;
					};
					F552EE232CEE68E000DE8B39 = {
						CreatedOnToolsVersion = 16.0;
						TestTargetID = F552EE132CEE68DF00DE8B39;
					};
					F552EE2D2CEE68E000DE8B39 = {
						CreatedOnToolsVersion = 16.0;
						TestTargetID = F552EE132CEE68DF00DE8B39;
					};
				};
			};
			buildConfigurationList = F552EE0F2CEE68DF00DE8B39 /* Build configuration list for PBXProject "FitnessAI" */;
			developmentRegion = en;
			hasScannedForEncodings = 0;
			knownRegions = (
				en,
				Base,
			);
			mainGroup = F552EE0B2CEE68DF00DE8B39;
			minimizedProjectReferenceProxies = 1;
			packageReferences = (
				F5F914742D10DD3200CE4FE9 /* XCRemoteSwiftPackageReference "SwiftfulLoadingIndicators" */,
			);
			preferredProjectObjectVersion = 77;
			productRefGroup = F552EE152CEE68DF00DE8B39 /* Products */;
			projectDirPath = "";
			projectRoot = "";
			targets = (
				F552EE132CEE68DF00DE8B39 /* FitnessAI */,
				F552EE232CEE68E000DE8B39 /* FitnessAITests */,
				F552EE2D2CEE68E000DE8B39 /* FitnessAIUITests */,
			);
		};
/* End PBXProject section */

/* Begin PBXResourcesBuildPhase section */
		F552EE122CEE68DF00DE8B39 /* Resources */ = {
			isa = PBXResourcesBuildPhase;
			buildActionMask = 2147483647;
			files = (
			);
			runOnlyForDeploymentPostprocessing = 0;
		};
		F552EE222CEE68E000DE8B39 /* Resources */ = {
			isa = PBXResourcesBuildPhase;
			buildActionMask = 2147483647;
			files = (
			);
			runOnlyForDeploymentPostprocessing = 0;
		};
		F552EE2C2CEE68E000DE8B39 /* Resources */ = {
			isa = PBXResourcesBuildPhase;
			buildActionMask = 2147483647;
			files = (
			);
			runOnlyForDeploymentPostprocessing = 0;
		};
/* End PBXResourcesBuildPhase section */

/* Begin PBXSourcesBuildPhase section */
		F552EE102CEE68DF00DE8B39 /* Sources */ = {
			isa = PBXSourcesBuildPhase;
			buildActionMask = 2147483647;
			files = (
			);
			runOnlyForDeploymentPostprocessing = 0;
		};
		F552EE202CEE68E000DE8B39 /* Sources */ = {
			isa = PBXSourcesBuildPhase;
			buildActionMask = 2147483647;
			files = (
			);
			runOnlyForDeploymentPostprocessing = 0;
		};
		F552EE2A2CEE68E000DE8B39 /* Sources */ = {
			isa = PBXSourcesBuildPhase;
			buildActionMask = 2147483647;
			files = (
			);
			runOnlyForDeploymentPostprocessing = 0;
		};
/* End PBXSourcesBuildPhase section */

/* Begin PBXTargetDependency section */
		F552EE262CEE68E000DE8B39 /* PBXTargetDependency */ = {
			isa = PBXTargetDependency;
			target = F552EE132CEE68DF00DE8B39 /* FitnessAI */;
			targetProxy = F552EE252CEE68E000DE8B39 /* PBXContainerItemProxy */;
		};
		F552EE302CEE68E000DE8B39 /* PBXTargetDependency */ = {
			isa = PBXTargetDependency;
			target = F552EE132CEE68DF00DE8B39 /* FitnessAI */;
			targetProxy = F552EE2F2CEE68E000DE8B39 /* PBXContainerItemProxy */;
		};
/* End PBXTargetDependency section */

/* Begin XCBuildConfiguration section */
		F552EE362CEE68E000DE8B39 /* Debug */ = {
			isa = XCBuildConfiguration;
			buildSettings = {
				ALWAYS_SEARCH_USER_PATHS = NO;
				ASSETCATALOG_COMPILER_GENERATE_SWIFT_ASSET_SYMBOL_EXTENSIONS = YES;
				CLANG_ANALYZER_NONNULL = YES;
				CLANG_ANALYZER_NUMBER_OBJECT_CONVERSION = YES_AGGRESSIVE;
				CLANG_CXX_LANGUAGE_STANDARD = "gnu++20";
				CLANG_ENABLE_MODULES = YES;
				CLANG_ENABLE_OBJC_ARC = YES;
				CLANG_ENABLE_OBJC_WEAK = YES;
				CLANG_WARN_BLOCK_CAPTURE_AUTORELEASING = YES;
				CLANG_WARN_BOOL_CONVERSION = YES;
				CLANG_WARN_COMMA = YES;
				CLANG_WARN_CONSTANT_CONVERSION = YES;
				CLANG_WARN_DEPRECATED_OBJC_IMPLEMENTATIONS = YES;
				CLANG_WARN_DIRECT_OBJC_ISA_USAGE = YES_ERROR;
				CLANG_WARN_DOCUMENTATION_COMMENTS = YES;
				CLANG_WARN_EMPTY_BODY = YES;
				CLANG_WARN_ENUM_CONVERSION = YES;
				CLANG_WARN_INFINITE_RECURSION = YES;
				CLANG_WARN_INT_CONVERSION = YES;
				CLANG_WARN_NON_LITERAL_NULL_CONVERSION = YES;
				CLANG_WARN_OBJC_IMPLICIT_RETAIN_SELF = YES;
				CLANG_WARN_OBJC_LITERAL_CONVERSION = YES;
				CLANG_WARN_OBJC_ROOT_CLASS = YES_ERROR;
				CLANG_WARN_QUOTED_INCLUDE_IN_FRAMEWORK_HEADER = YES;
				CLANG_WARN_RANGE_LOOP_ANALYSIS = YES;
				CLANG_WARN_STRICT_PROTOTYPES = YES;
				CLANG_WARN_SUSPICIOUS_MOVE = YES;
				CLANG_WARN_UNGUARDED_AVAILABILITY = YES_AGGRESSIVE;
				CLANG_WARN_UNREACHABLE_CODE = YES;
				CLANG_WARN__DUPLICATE_METHOD_MATCH = YES;
				COPY_PHASE_STRIP = NO;
				DEBUG_INFORMATION_FORMAT = dwarf;
				ENABLE_STRICT_OBJC_MSGSEND = YES;
				ENABLE_TESTABILITY = YES;
				ENABLE_USER_SCRIPT_SANDBOXING = YES;
				GCC_C_LANGUAGE_STANDARD = gnu17;
				GCC_DYNAMIC_NO_PIC = NO;
				GCC_NO_COMMON_BLOCKS = YES;
				GCC_OPTIMIZATION_LEVEL = 0;
				GCC_PREPROCESSOR_DEFINITIONS = (
					"DEBUG=1",
					"$(inherited)",
				);
				GCC_WARN_64_TO_32_BIT_CONVERSION = YES;
				GCC_WARN_ABOUT_RETURN_TYPE = YES_ERROR;
				GCC_WARN_UNDECLARED_SELECTOR = YES;
				GCC_WARN_UNINITIALIZED_AUTOS = YES_AGGRESSIVE;
				GCC_WARN_UNUSED_FUNCTION = YES;
				GCC_WARN_UNUSED_VARIABLE = YES;
				IPHONEOS_DEPLOYMENT_TARGET = 18.0;
				LOCALIZATION_PREFERS_STRING_CATALOGS = YES;
				MTL_ENABLE_DEBUG_INFO = INCLUDE_SOURCE;
				MTL_FAST_MATH = YES;
				ONLY_ACTIVE_ARCH = YES;
				SDKROOT = iphoneos;
				SWIFT_ACTIVE_COMPILATION_CONDITIONS = "DEBUG $(inherited)";
				SWIFT_OPTIMIZATION_LEVEL = "-Onone";
			};
			name = Debug;
		};
		F552EE372CEE68E000DE8B39 /* Release */ = {
			isa = XCBuildConfiguration;
			buildSettings = {
				ALWAYS_SEARCH_USER_PATHS = NO;
				ASSETCATALOG_COMPILER_GENERATE_SWIFT_ASSET_SYMBOL_EXTENSIONS = YES;
				CLANG_ANALYZER_NONNULL = YES;
				CLANG_ANALYZER_NUMBER_OBJECT_CONVERSION = YES_AGGRESSIVE;
				CLANG_CXX_LANGUAGE_STANDARD = "gnu++20";
				CLANG_ENABLE_MODULES = YES;
				CLANG_ENABLE_OBJC_ARC = YES;
				CLANG_ENABLE_OBJC_WEAK = YES;
				CLANG_WARN_BLOCK_CAPTURE_AUTORELEASING = YES;
				CLANG_WARN_BOOL_CONVERSION = YES;
				CLANG_WARN_COMMA = YES;
				CLANG_WARN_CONSTANT_CONVERSION = YES;
				CLANG_WARN_DEPRECATED_OBJC_IMPLEMENTATIONS = YES;
				CLANG_WARN_DIRECT_OBJC_ISA_USAGE = YES_ERROR;
				CLANG_WARN_DOCUMENTATION_COMMENTS = YES;
				CLANG_WARN_EMPTY_BODY = YES;
				CLANG_WARN_ENUM_CONVERSION = YES;
				CLANG_WARN_INFINITE_RECURSION = YES;
				CLANG_WARN_INT_CONVERSION = YES;
				CLANG_WARN_NON_LITERAL_NULL_CONVERSION = YES;
				CLANG_WARN_OBJC_IMPLICIT_RETAIN_SELF = YES;
				CLANG_WARN_OBJC_LITERAL_CONVERSION = YES;
				CLANG_WARN_OBJC_ROOT_CLASS = YES_ERROR;
				CLANG_WARN_QUOTED_INCLUDE_IN_FRAMEWORK_HEADER = YES;
				CLANG_WARN_RANGE_LOOP_ANALYSIS = YES;
				CLANG_WARN_STRICT_PROTOTYPES = YES;
				CLANG_WARN_SUSPICIOUS_MOVE = YES;
				CLANG_WARN_UNGUARDED_AVAILABILITY = YES_AGGRESSIVE;
				CLANG_WARN_UNREACHABLE_CODE = YES;
				CLANG_WARN__DUPLICATE_METHOD_MATCH = YES;
				COPY_PHASE_STRIP = NO;
				DEBUG_INFORMATION_FORMAT = "dwarf-with-dsym";
				ENABLE_NS_ASSERTIONS = NO;
				ENABLE_STRICT_OBJC_MSGSEND = YES;
				ENABLE_USER_SCRIPT_SANDBOXING = YES;
				GCC_C_LANGUAGE_STANDARD = gnu17;
				GCC_NO_COMMON_BLOCKS = YES;
				GCC_WARN_64_TO_32_BIT_CONVERSION = YES;
				GCC_WARN_ABOUT_RETURN_TYPE = YES_ERROR;
				GCC_WARN_UNDECLARED_SELECTOR = YES;
				GCC_WARN_UNINITIALIZED_AUTOS = YES_AGGRESSIVE;
				GCC_WARN_UNUSED_FUNCTION = YES;
				GCC_WARN_UNUSED_VARIABLE = YES;
				IPHONEOS_DEPLOYMENT_TARGET = 18.0;
				LOCALIZATION_PREFERS_STRING_CATALOGS = YES;
				MTL_ENABLE_DEBUG_INFO = NO;
				MTL_FAST_MATH = YES;
				SDKROOT = iphoneos;
				SWIFT_COMPILATION_MODE = wholemodule;
				VALIDATE_PRODUCT = YES;
			};
			name = Release;
		};
		F552EE392CEE68E000DE8B39 /* Debug */ = {
			isa = XCBuildConfiguration;
			buildSettings = {
				ASSETCATALOG_COMPILER_APPICON_NAME = AppIcon;
				ASSETCATALOG_COMPILER_GLOBAL_ACCENT_COLOR_NAME = AccentColor;
				CODE_SIGN_STYLE = Automatic;
				CURRENT_PROJECT_VERSION = 1;
				DEVELOPMENT_ASSET_PATHS = "\"FitnessAI/Preview Content\"";
				DEVELOPMENT_TEAM = W6PRG52CXX;
				ENABLE_PREVIEWS = YES;
				GENERATE_INFOPLIST_FILE = YES;
				INFOPLIST_FILE = FitnessAI/Info.plist;
				INFOPLIST_KEY_CFBundleDisplayName = FitnessAI;
				INFOPLIST_KEY_UIApplicationSceneManifest_Generation = YES;
				INFOPLIST_KEY_UIApplicationSupportsIndirectInputEvents = YES;
				INFOPLIST_KEY_UIStatusBarStyle = "";
				INFOPLIST_KEY_UISupportedInterfaceOrientations = UIInterfaceOrientationPortrait;
				INFOPLIST_KEY_UISupportedInterfaceOrientations_iPad = "UIInterfaceOrientationLandscapeLeft UIInterfaceOrientationLandscapeRight UIInterfaceOrientationPortrait UIInterfaceOrientationPortraitUpsideDown";
				IPHONEOS_DEPLOYMENT_TARGET = 17;
				LD_RUNPATH_SEARCH_PATHS = (
					"$(inherited)",
					"@executable_path/Frameworks",
				);
				MARKETING_VERSION = 1.0;
				PRODUCT_BUNDLE_IDENTIFIER = io.mf.flappy.FitnessAI;
				PRODUCT_NAME = "$(TARGET_NAME)";
				SUPPORTED_PLATFORMS = "iphoneos iphonesimulator";
				SUPPORTS_MACCATALYST = NO;
				SUPPORTS_MAC_DESIGNED_FOR_IPHONE_IPAD = NO;
				SUPPORTS_XR_DESIGNED_FOR_IPHONE_IPAD = NO;
				SWIFT_EMIT_LOC_STRINGS = YES;
				SWIFT_VERSION = 5.0;
				TARGETED_DEVICE_FAMILY = 1;
			};
			name = Debug;
		};
		F552EE3A2CEE68E000DE8B39 /* Release */ = {
			isa = XCBuildConfiguration;
			buildSettings = {
				ASSETCATALOG_COMPILER_APPICON_NAME = AppIcon;
				ASSETCATALOG_COMPILER_GLOBAL_ACCENT_COLOR_NAME = AccentColor;
				CODE_SIGN_STYLE = Automatic;
				CURRENT_PROJECT_VERSION = 1;
				DEVELOPMENT_ASSET_PATHS = "\"FitnessAI/Preview Content\"";
				DEVELOPMENT_TEAM = W6PRG52CXX;
				ENABLE_PREVIEWS = YES;
				GENERATE_INFOPLIST_FILE = YES;
				INFOPLIST_FILE = FitnessAI/Info.plist;
				INFOPLIST_KEY_CFBundleDisplayName = FitnessAI;
				INFOPLIST_KEY_UIApplicationSceneManifest_Generation = YES;
				INFOPLIST_KEY_UIApplicationSupportsIndirectInputEvents = YES;
				INFOPLIST_KEY_UIStatusBarStyle = "";
				INFOPLIST_KEY_UISupportedInterfaceOrientations = UIInterfaceOrientationPortrait;
				INFOPLIST_KEY_UISupportedInterfaceOrientations_iPad = "UIInterfaceOrientationLandscapeLeft UIInterfaceOrientationLandscapeRight UIInterfaceOrientationPortrait UIInterfaceOrientationPortraitUpsideDown";
				IPHONEOS_DEPLOYMENT_TARGET = 17;
				LD_RUNPATH_SEARCH_PATHS = (
					"$(inherited)",
					"@executable_path/Frameworks",
				);
				MARKETING_VERSION = 1.0;
				PRODUCT_BUNDLE_IDENTIFIER = io.mf.flappy.FitnessAI;
				PRODUCT_NAME = "$(TARGET_NAME)";
				SUPPORTED_PLATFORMS = "iphoneos iphonesimulator";
				SUPPORTS_MACCATALYST = NO;
				SUPPORTS_MAC_DESIGNED_FOR_IPHONE_IPAD = NO;
				SUPPORTS_XR_DESIGNED_FOR_IPHONE_IPAD = NO;
				SWIFT_EMIT_LOC_STRINGS = YES;
				SWIFT_VERSION = 5.0;
				TARGETED_DEVICE_FAMILY = 1;
			};
			name = Release;
		};
		F552EE3C2CEE68E000DE8B39 /* Debug */ = {
			isa = XCBuildConfiguration;
			buildSettings = {
				BUNDLE_LOADER = "$(TEST_HOST)";
				CODE_SIGN_STYLE = Automatic;
				CURRENT_PROJECT_VERSION = 1;
				DEVELOPMENT_TEAM = W6PRG52CXX;
				GENERATE_INFOPLIST_FILE = YES;
				IPHONEOS_DEPLOYMENT_TARGET = 18.0;
				MARKETING_VERSION = 1.0;
				PRODUCT_BUNDLE_IDENTIFIER = io.mf.flappy.FitnessAITests;
				PRODUCT_NAME = "$(TARGET_NAME)";
				SWIFT_EMIT_LOC_STRINGS = NO;
				SWIFT_VERSION = 5.0;
				TARGETED_DEVICE_FAMILY = "1,2";
				TEST_HOST = "$(BUILT_PRODUCTS_DIR)/FitnessAI.app/$(BUNDLE_EXECUTABLE_FOLDER_PATH)/FitnessAI";
			};
			name = Debug;
		};
		F552EE3D2CEE68E000DE8B39 /* Release */ = {
			isa = XCBuildConfiguration;
			buildSettings = {
				BUNDLE_LOADER = "$(TEST_HOST)";
				CODE_SIGN_STYLE = Automatic;
				CURRENT_PROJECT_VERSION = 1;
				DEVELOPMENT_TEAM = W6PRG52CXX;
				GENERATE_INFOPLIST_FILE = YES;
				IPHONEOS_DEPLOYMENT_TARGET = 18.0;
				MARKETING_VERSION = 1.0;
				PRODUCT_BUNDLE_IDENTIFIER = io.mf.flappy.FitnessAITests;
				PRODUCT_NAME = "$(TARGET_NAME)";
				SWIFT_EMIT_LOC_STRINGS = NO;
				SWIFT_VERSION = 5.0;
				TARGETED_DEVICE_FAMILY = "1,2";
				TEST_HOST = "$(BUILT_PRODUCTS_DIR)/FitnessAI.app/$(BUNDLE_EXECUTABLE_FOLDER_PATH)/FitnessAI";
			};
			name = Release;
		};
		F552EE3F2CEE68E000DE8B39 /* Debug */ = {
			isa = XCBuildConfiguration;
			buildSettings = {
				CODE_SIGN_STYLE = Automatic;
				CURRENT_PROJECT_VERSION = 1;
				DEVELOPMENT_TEAM = W6PRG52CXX;
				GENERATE_INFOPLIST_FILE = YES;
				MARKETING_VERSION = 1.0;
				PRODUCT_BUNDLE_IDENTIFIER = io.mf.flappy.FitnessAIUITests;
				PRODUCT_NAME = "$(TARGET_NAME)";
				SWIFT_EMIT_LOC_STRINGS = NO;
				SWIFT_VERSION = 5.0;
				TARGETED_DEVICE_FAMILY = "1,2";
				TEST_TARGET_NAME = FitnessAI;
			};
			name = Debug;
		};
		F552EE402CEE68E000DE8B39 /* Release */ = {
			isa = XCBuildConfiguration;
			buildSettings = {
				CODE_SIGN_STYLE = Automatic;
				CURRENT_PROJECT_VERSION = 1;
				DEVELOPMENT_TEAM = W6PRG52CXX;
				GENERATE_INFOPLIST_FILE = YES;
				MARKETING_VERSION = 1.0;
				PRODUCT_BUNDLE_IDENTIFIER = io.mf.flappy.FitnessAIUITests;
				PRODUCT_NAME = "$(TARGET_NAME)";
				SWIFT_EMIT_LOC_STRINGS = NO;
				SWIFT_VERSION = 5.0;
				TARGETED_DEVICE_FAMILY = "1,2";
				TEST_TARGET_NAME = FitnessAI;
			};
			name = Release;
		};
/* End XCBuildConfiguration section */

/* Begin XCConfigurationList section */
		F552EE0F2CEE68DF00DE8B39 /* Build configuration list for PBXProject "FitnessAI" */ = {
			isa = XCConfigurationList;
			buildConfigurations = (
				F552EE362CEE68E000DE8B39 /* Debug */,
				F552EE372CEE68E000DE8B39 /* Release */,
			);
			defaultConfigurationIsVisible = 0;
			defaultConfigurationName = Release;
		};
		F552EE382CEE68E000DE8B39 /* Build configuration list for PBXNativeTarget "FitnessAI" */ = {
			isa = XCConfigurationList;
			buildConfigurations = (
				F552EE392CEE68E000DE8B39 /* Debug */,
				F552EE3A2CEE68E000DE8B39 /* Release */,
			);
			defaultConfigurationIsVisible = 0;
			defaultConfigurationName = Release;
		};
		F552EE3B2CEE68E000DE8B39 /* Build configuration list for PBXNativeTarget "FitnessAITests" */ = {
			isa = XCConfigurationList;
			buildConfigurations = (
				F552EE3C2CEE68E000DE8B39 /* Debug */,
				F552EE3D2CEE68E000DE8B39 /* Release */,
			);
			defaultConfigurationIsVisible = 0;
			defaultConfigurationName = Release;
		};
		F552EE3E2CEE68E000DE8B39 /* Build configuration list for PBXNativeTarget "FitnessAIUITests" */ = {
			isa = XCConfigurationList;
			buildConfigurations = (
				F552EE3F2CEE68E000DE8B39 /* Debug */,
				F552EE402CEE68E000DE8B39 /* Release */,
			);
			defaultConfigurationIsVisible = 0;
			defaultConfigurationName = Release;
		};
/* End XCConfigurationList section */

/* Begin XCRemoteSwiftPackageReference section */
		F5F914742D10DD3200CE4FE9 /* XCRemoteSwiftPackageReference "SwiftfulLoadingIndicators" */ = {
			isa = XCRemoteSwiftPackageReference;
			repositoryURL = "https://github.com/SwiftfulThinking/SwiftfulLoadingIndicators.git";
			requirement = {
				kind = upToNextMajorVersion;
				minimumVersion = 0.0.4;
			};
		};
/* End XCRemoteSwiftPackageReference section */

/* Begin XCSwiftPackageProductDependency section */
		F5F914752D10DD3200CE4FE9 /* SwiftfulLoadingIndicators */ = {
			isa = XCSwiftPackageProductDependency;
			package = F5F914742D10DD3200CE4FE9 /* XCRemoteSwiftPackageReference "SwiftfulLoadingIndicators" */;
			productName = SwiftfulLoadingIndicators;
		};
/* End XCSwiftPackageProductDependency section */
	};
	rootObject = F552EE0C2CEE68DF00DE8B39 /* Project object */;
}
